
Microsoft Visual Studio Solution File, Format Version 12.00
# Visual Studio Version 16
VisualStudioVersion = 16.0.28315.86
MinimumVisualStudioVersion = 10.0.40219.1
Project("{9A19103F-16F7-4668-BE54-9A1E7A4F7556}") = "Skybot.Auth", "Skybot.Auth\Skybot.Auth.csproj", "{8827FF95-2C20-4C16-9116-E7CEC950A246}"
EndProject
Project("{E53339B2-1760-4266-BCC7-CA923CBCF16C}") = "docker-compose", "docker-compose.dcproj", "{45026449-E44A-4144-83F0-CF1063D87DB4}"
EndProject
Project("{2150E333-8FDC-42A3-9474-1A3956D46DE8}") = "Solution Items", "Solution Items", "{5E2B34AD-47F5-4C3F-8E06-5C857E9947AB}"
	ProjectSection(SolutionItems) = preProject
		.env = .env
		docker-compose.override.yml = docker-compose.override.yml
	EndProjectSection
EndProject
Global
	GlobalSection(SolutionConfigurationPlatforms) = preSolution
		Debug|Any CPU = Debug|Any CPU
		Release|Any CPU = Release|Any CPU
	EndGlobalSection
	GlobalSection(ProjectConfigurationPlatforms) = postSolution
		{8827FF95-2C20-4C16-9116-E7CEC950A246}.Debug|Any CPU.ActiveCfg = Debug|Any CPU
		{8827FF95-2C20-4C16-9116-E7CEC950A246}.Debug|Any CPU.Build.0 = Debug|Any CPU
		{8827FF95-2C20-4C16-9116-E7CEC950A246}.Release|Any CPU.ActiveCfg = Release|Any CPU
		{8827FF95-2C20-4C16-9116-E7CEC950A246}.Release|Any CPU.Build.0 = Release|Any CPU
		{45026449-E44A-4144-83F0-CF1063D87DB4}.Debug|Any CPU.ActiveCfg = Debug|Any CPU
		{45026449-E44A-4144-83F0-CF1063D87DB4}.Debug|Any CPU.Build.0 = Debug|Any CPU
		{45026449-E44A-4144-83F0-CF1063D87DB4}.Release|Any CPU.ActiveCfg = Release|Any CPU
		{45026449-E44A-4144-83F0-CF1063D87DB4}.Release|Any CPU.Build.0 = Release|Any CPU
	EndGlobalSection
	GlobalSection(SolutionProperties) = preSolution
		HideSolutionNode = FALSE
	EndGlobalSection
	GlobalSection(ExtensibilityGlobals) = postSolution
		SolutionGuid = {03500CC2-F5C8-4259-8E6A-F872B77F410B}
	EndGlobalSection
EndGlobal
